
Microsoft Visual Studio Solution File, Format Version 12.00
# Visual Studio Version 16
VisualStudioVersion = 25.0.1706.9
MinimumVisualStudioVersion = 10.0.40219.1
Project("{F2A71F9B-5D33-465A-A702-920D77279786}") = "giraffe-backend", "giraffe-backend.fsproj", "{7CE4845E-D7C3-48FD-8DF6-6A64F09C7128}"
EndProject
Global
	GlobalSection(SolutionConfigurationPlatforms) = preSolution
		Debug|Any CPU = Debug|Any CPU
		Release|Any CPU = Release|Any CPU
	EndGlobalSection
	GlobalSection(ProjectConfigurationPlatforms) = postSolution
		{7CE4845E-D7C3-48FD-8DF6-6A64F09C7128}.Debug|Any CPU.ActiveCfg = Debug|Any CPU
		{7CE4845E-D7C3-48FD-8DF6-6A64F09C7128}.Debug|Any CPU.Build.0 = Debug|Any CPU
		{7CE4845E-D7C3-48FD-8DF6-6A64F09C7128}.Release|Any CPU.ActiveCfg = Release|Any CPU
		{7CE4845E-D7C3-48FD-8DF6-6A64F09C7128}.Release|Any CPU.Build.0 = Release|Any CPU
	EndGlobalSection
	GlobalSection(SolutionProperties) = preSolution
		HideSolutionNode = FALSE
	EndGlobalSection
	GlobalSection(ExtensibilityGlobals) = postSolution
		SolutionGuid = {32D969DB-A9E3-4288-B6CB-646A890E4B43}
	EndGlobalSection
EndGlobal
